# THIS IS AN AUTOGENERATED FILE. DO NOT EDIT THIS FILE DIRECTLY.
# yarn lockfile v1


"@angular/animations@^7.1.0":
  version "7.1.0"
  resolved "https://registry.yarnpkg.com/@angular/animations/-/animations-7.1.0.tgz#3f03175217a45b72e53310d9ab35e69802ad9555"
  dependencies:
    tslib "^1.9.0"

"@angular/cdk@^7.1.0":
  version "7.1.0"
  resolved "https://registry.yarnpkg.com/@angular/cdk/-/cdk-7.1.0.tgz#7e5c3e3631947ef91413a83997ec4edec92cdd1c"
  dependencies:
    tslib "^1.7.1"
  optionalDependencies:
    parse5 "^5.0.0"

"@angular/material@^7.1.0":
  version "7.1.0"
  resolved "https://registry.yarnpkg.com/@angular/material/-/material-7.1.0.tgz#441f2d03a97a1fa35546b61dcde86db34f0f5efc"
  dependencies:
    tslib "^1.7.1"

parse5@^5.0.0:
  version "5.1.0"
  resolved "https://registry.yarnpkg.com/parse5/-/parse5-5.1.0.tgz#c59341c9723f414c452975564c7c00a68d58acd2"

tslib@^1.7.1, tslib@^1.9.0:
  version "1.9.3"
  resolved "https://registry.yarnpkg.com/tslib/-/tslib-1.9.3.tgz#d7e4dd79245d85428c4d7e4822a79917954ca286"
